
Microsoft Visual Studio Solution File, Format Version 12.00
# Visual Studio Version 17
VisualStudioVersion = 17.14.36221.1 d17.14
MinimumVisualStudioVersion = 10.0.40219.1
Project("{FAE04EC0-301F-11D3-BF4B-00C04F79EFBC}") = "Server", "Server\Server.csproj", "{1222B1D5-B8A3-479E-847A-B42BAD80E17D}"
EndProject
Project("{FAE04EC0-301F-11D3-BF4B-00C04F79EFBC}") = "GostKlijent", "GostKlijent\GostKlijent.csproj", "{1D2BDDB6-DC86-4D1E-9DB8-3B4C06C28E1B}"
EndProject
Project("{FAE04EC0-301F-11D3-BF4B-00C04F79EFBC}") = "OsobljeKlijent", "OsobljeKlijent\OsobljeKlijent.csproj", "{A9DAE85F-F4B7-466A-ADEC-9D407366DBB8}"
EndProject
Project("{FAE04EC0-301F-11D3-BF4B-00C04F79EFBC}") = "Domen", "Domen\Domen.csproj", "{3B996FC1-0FC7-4804-9264-6AE1BBC8107F}"
EndProject
Global
	GlobalSection(SolutionConfigurationPlatforms) = preSolution
		Debug|Any CPU = Debug|Any CPU
		Release|Any CPU = Release|Any CPU
	EndGlobalSection
	GlobalSection(ProjectConfigurationPlatforms) = postSolution
		{1222B1D5-B8A3-479E-847A-B42BAD80E17D}.Debug|Any CPU.ActiveCfg = Debug|Any CPU
		{1222B1D5-B8A3-479E-847A-B42BAD80E17D}.Debug|Any CPU.Build.0 = Debug|Any CPU
		{1222B1D5-B8A3-479E-847A-B42BAD80E17D}.Release|Any CPU.ActiveCfg = Release|Any CPU
		{1222B1D5-B8A3-479E-847A-B42BAD80E17D}.Release|Any CPU.Build.0 = Release|Any CPU
		{1D2BDDB6-DC86-4D1E-9DB8-3B4C06C28E1B}.Debug|Any CPU.ActiveCfg = Debug|Any CPU
		{1D2BDDB6-DC86-4D1E-9DB8-3B4C06C28E1B}.Debug|Any CPU.Build.0 = Debug|Any CPU
		{1D2BDDB6-DC86-4D1E-9DB8-3B4C06C28E1B}.Release|Any CPU.ActiveCfg = Release|Any CPU
		{1D2BDDB6-DC86-4D1E-9DB8-3B4C06C28E1B}.Release|Any CPU.Build.0 = Release|Any CPU
		{A9DAE85F-F4B7-466A-ADEC-9D407366DBB8}.Debug|Any CPU.ActiveCfg = Debug|Any CPU
		{A9DAE85F-F4B7-466A-ADEC-9D407366DBB8}.Debug|Any CPU.Build.0 = Debug|Any CPU
		{A9DAE85F-F4B7-466A-ADEC-9D407366DBB8}.Release|Any CPU.ActiveCfg = Release|Any CPU
		{A9DAE85F-F4B7-466A-ADEC-9D407366DBB8}.Release|Any CPU.Build.0 = Release|Any CPU
		{3B996FC1-0FC7-4804-9264-6AE1BBC8107F}.Debug|Any CPU.ActiveCfg = Debug|Any CPU
		{3B996FC1-0FC7-4804-9264-6AE1BBC8107F}.Debug|Any CPU.Build.0 = Debug|Any CPU
		{3B996FC1-0FC7-4804-9264-6AE1BBC8107F}.Release|Any CPU.ActiveCfg = Release|Any CPU
		{3B996FC1-0FC7-4804-9264-6AE1BBC8107F}.Release|Any CPU.Build.0 = Release|Any CPU
	EndGlobalSection
	GlobalSection(SolutionProperties) = preSolution
		HideSolutionNode = FALSE
	EndGlobalSection
	GlobalSection(ExtensibilityGlobals) = postSolution
		SolutionGuid = {EA017ACB-6939-4883-967E-7EFE4C96B3A6}
	EndGlobalSection
EndGlobal
